<?xml version="1.0" encoding="utf-8"?>
<Project ToolsVersion="4.0" xmlns="http://schemas.microsoft.com/developer/msbuild/2003">
  <ItemGroup>
    <Filter Include="assets">
      <UniqueIdentifier>{24240a51-8fdb-478f-8c1c-27cbca7adc3f}</UniqueIdentifier>
      <SourceControlFiles>False</SourceControlFiles>
    </Filter>
    <Filter Include="shaders">
      <UniqueIdentifier>{1d345cf5-0451-42e0-83a8-6a3f5a7203ca}</UniqueIdentifier>
    </Filter>
    <Filter Include="precompiled_headers">
      <UniqueIdentifier>{a498e4bc-580a-49d7-9a8e-ec57803fdcd4}</UniqueIdentifier>
    </Filter>
    <Filter Include="host_code">
      <UniqueIdentifier>{e418dddb-2289-4e42-bcca-3fd989232303}</UniqueIdentifier>
    </Filter>
    <Filter Include="shader_includes">
      <UniqueIdentifier>{da2e5a89-fa48-43c6-a833-e7ed77bad6f8}</UniqueIdentifier>
    </Filter>
    <Filter Include="shader_includes\util">
      <UniqueIdentifier>{f834110d-1fb9-44c5-bf62-1b9d79082a8c}</UniqueIdentifier>
    </Filter>
    <Filter Include="shader_includes\param">
      <UniqueIdentifier>{f198a94d-488e-43d8-b4c6-7f874add684c}</UniqueIdentifier>
    </Filter>
    <Filter Include="shaders\standalone-tess">
      <UniqueIdentifier>{a6ed45ff-01d7-423b-8aa2-a9a5a52c3a93}</UniqueIdentifier>
    </Filter>
    <Filter Include="shaders\px-fill-tess">
      <UniqueIdentifier>{277f38a7-585c-47df-8f8d-d60d193e8066}</UniqueIdentifier>
    </Filter>
  </ItemGroup>
  <ItemGroup>
    <None Include="shaders\frag_out.frag">
      <Filter>shaders</Filter>
    </None>
    <None Include="shaders\copy_to_backbuffer.comp">
      <Filter>shaders</Filter>
    </None>
    <None Include="shaders\clear_r64_image.comp">
      <Filter>shaders</Filter>
    </None>
    <None Include="shaders\simple.vert">
      <Filter>shaders</Filter>
    </None>
    <None Include="shader_includes\param\shape_functions.glsl">
      <Filter>shader_includes\param</Filter>
    </None>
    <None Include="shader_includes\util\glsl_helpers.glsl">
      <Filter>shader_includes\util</Filter>
    </None>
    <None Include="shader_includes\util\ui64_conv.glsl">
      <Filter>shader_includes\util</Filter>
    </None>
    <None Include="shader_includes\material_handling.glsl">
      <Filter>shader_includes</Filter>
    </None>
    <None Include="shader_includes\shading_model.glsl">
      <Filter>shader_includes</Filter>
    </None>
    <None Include="shader_includes\types.glsl">
      <Filter>shader_includes</Filter>
    </None>
    <None Include="shader_includes\common_ubo.glsl">
      <Filter>shader_includes</Filter>
    </None>
    <None Include="shader_includes\parametric_curve_helpers.glsl">
      <Filter>shader_includes</Filter>
    </None>
    <None Include="shader_includes\combined_attachment_shared.glsl">
      <Filter>shader_includes</Filter>
    </None>
    <None Include="Auto-Vk-Toolkit\assets\3rd_party\fonts\JetBrainsMono-2.304\fonts\ttf\JetBrainsMono-Regular.ttf">
      <Filter>assets</Filter>
    </None>
    <None Include="shaders\pass1_init_patches.comp">
      <Filter>shaders</Filter>
    </None>
    <None Include="shaders\pass3_px_fill.comp">
      <Filter>shaders</Filter>
    </None>
    <None Include="shaders\pass2x_patch_lod.comp">
      <Filter>shaders</Filter>
    </None>
    <None Include="shaders\pass3_triangle_write.comp">
      <Filter>shaders</Filter>
    </None>
    <None Include="shaders\standalone-tess\patch_eval.tese">
      <Filter>shaders\standalone-tess</Filter>
    </None>
    <None Include="shaders\standalone-tess\patch_init.vert">
      <Filter>shaders\standalone-tess</Filter>
    </None>
    <None Include="shaders\standalone-tess\patch_resolution.tesc">
      <Filter>shaders\standalone-tess</Filter>
    </None>
    <None Include="shaders\px-fill-tess\patch_go.tese">
      <Filter>shaders\px-fill-tess</Filter>
    </None>
    <None Include="shaders\px-fill-tess\patch_ready.vert">
      <Filter>shaders\px-fill-tess</Filter>
    </None>
    <None Include="shaders\px-fill-tess\patch_set.tesc">
      <Filter>shaders\px-fill-tess</Filter>
    </None>
    <None Include="Auto-Vk-Toolkit\assets\sponza_and_terrain.fscene">
      <Filter>assets</Filter>
    </None>
    <None Include="shaders\pass1_init_knityarn.comp">
      <Filter>shaders</Filter>
    </None>
    <None Include="shaders\pass3_px_fill_local_fb.comp">
      <Filter>shaders</Filter>
    </None>
    <None Include="shaders\pass3pre_select_tile_patches.comp">
      <Filter>shaders</Filter>
    </None>
    <None Include="assets\quadquad.obj">
      <Filter>assets</Filter>
    </None>
    <None Include="assets\checkerboard-pattern.jpg">
      <Filter>assets</Filter>
    </None>
  </ItemGroup>
  <ItemGroup>
    <ClCompile Include="precompiled_headers\cg_stdafx.cpp">
      <Filter>precompiled_headers</Filter>
    </ClCompile>
    <ClCompile Include="host_code\main.cpp">
      <Filter>host_code</Filter>
    </ClCompile>
  </ItemGroup>
  <ItemGroup>
    <ClInclude Include="precompiled_headers\cg_stdafx.hpp">
      <Filter>precompiled_headers</Filter>
    </ClInclude>
    <ClInclude Include="precompiled_headers\cg_targetver.hpp">
      <Filter>precompiled_headers</Filter>
    </ClInclude>
    <ClInclude Include="host_code\types.hpp">
      <Filter>host_code</Filter>
    </ClInclude>
    <ClInclude Include="host_code\helpers.hpp">
      <Filter>host_code</Filter>
    </ClInclude>
    <ClInclude Include="shader_includes\host_device_shared.h">
      <Filter>shader_includes</Filter>
    </ClInclude>
  </ItemGroup>
</Project>